
Microsoft Visual Studio Solution File, Format Version 12.00
# Visual Studio Version 17
VisualStudioVersion = 17.8.34316.72
MinimumVisualStudioVersion = 10.0.40219.1
Project("{FAE04EC0-301F-11D3-BF4B-00C04F79EFBC}") = "SauceDemo", "SauceDemo\SauceDemo.csproj", "{29C4A9F0-6174-4CCB-A7A8-5CAC3D66074D}"
EndProject
Global
	GlobalSection(SolutionConfigurationPlatforms) = preSolution
		Debug|Any CPU = Debug|Any CPU
		Release|Any CPU = Release|Any CPU
	EndGlobalSection
	GlobalSection(ProjectConfigurationPlatforms) = postSolution
		{29C4A9F0-6174-4CCB-A7A8-5CAC3D66074D}.Debug|Any CPU.ActiveCfg = Debug|Any CPU
		{29C4A9F0-6174-4CCB-A7A8-5CAC3D66074D}.Debug|Any CPU.Build.0 = Debug|Any CPU
		{29C4A9F0-6174-4CCB-A7A8-5CAC3D66074D}.Release|Any CPU.ActiveCfg = Release|Any CPU
		{29C4A9F0-6174-4CCB-A7A8-5CAC3D66074D}.Release|Any CPU.Build.0 = Release|Any CPU
	EndGlobalSection
	GlobalSection(SolutionProperties) = preSolution
		HideSolutionNode = FALSE
	EndGlobalSection
	GlobalSection(ExtensibilityGlobals) = postSolution
		SolutionGuid = {0B7B36C4-2498-46D2-A500-C8D45E9C9400}
	EndGlobalSection
EndGlobal
